// !$*UTF8*$!
{
	archiveVersion = 1;
	classes = {
	};
	objectVersion = 56;
	objects = {

/* Begin PBXBuildFile section */
		1DA8185C68BB624A628D7115 /* Pods_Chats.framework in Frameworks */ = {isa = PBXBuildFile; fileRef = 33D83DFFE6AFD9A3EB70EA91 /* Pods_Chats.framework */; };
		BD3136802B11EBD000EA1A79 /* AppDelegate.swift in Sources */ = {isa = PBXBuildFile; fileRef = BD31367F2B11EBD000EA1A79 /* AppDelegate.swift */; };
		BD3136822B11EBD000EA1A79 /* SceneDelegate.swift in Sources */ = {isa = PBXBuildFile; fileRef = BD3136812B11EBD000EA1A79 /* SceneDelegate.swift */; };
		BD3136842B11EBD000EA1A79 /* LoginViewController.swift in Sources */ = {isa = PBXBuildFile; fileRef = BD3136832B11EBD000EA1A79 /* LoginViewController.swift */; };
		BD3136872B11EBD000EA1A79 /* Main.storyboard in Resources */ = {isa = PBXBuildFile; fileRef = BD3136852B11EBD000EA1A79 /* Main.storyboard */; };
		BD3136892B11EBD200EA1A79 /* Assets.xcassets in Resources */ = {isa = PBXBuildFile; fileRef = BD3136882B11EBD200EA1A79 /* Assets.xcassets */; };
		BD31368C2B11EBD200EA1A79 /* LaunchScreen.storyboard in Resources */ = {isa = PBXBuildFile; fileRef = BD31368A2B11EBD200EA1A79 /* LaunchScreen.storyboard */; };
		BD895D512B120220003A3072 /* GoogleService-Info.plist in Resources */ = {isa = PBXBuildFile; fileRef = BD895D502B12021F003A3072 /* GoogleService-Info.plist */; };
		BDBC115C2B14DD4100796568 /* User.swift in Sources */ = {isa = PBXBuildFile; fileRef = BDBC115B2B14DD4100796568 /* User.swift */; };
		BDBC115E2B14DE7500796568 /* Constants.swift in Sources */ = {isa = PBXBuildFile; fileRef = BDBC115D2B14DE7500796568 /* Constants.swift */; };
/* End PBXBuildFile section */

/* Begin PBXFileReference section */
		24A7C81677F113FAE1D49B80 /* Pods-Chats.debug.xcconfig */ = {isa = PBXFileReference; includeInIndex = 1; lastKnownFileType = text.xcconfig; name = "Pods-Chats.debug.xcconfig"; path = "Target Support Files/Pods-Chats/Pods-Chats.debug.xcconfig"; sourceTree = "<group>"; };
		33D83DFFE6AFD9A3EB70EA91 /* Pods_Chats.framework */ = {isa = PBXFileReference; explicitFileType = wrapper.framework; includeInIndex = 0; path = Pods_Chats.framework; sourceTree = BUILT_PRODUCTS_DIR; };
		6D7614D540CD6D28C27C088B /* Pods-Chats.release.xcconfig */ = {isa = PBXFileReference; includeInIndex = 1; lastKnownFileType = text.xcconfig; name = "Pods-Chats.release.xcconfig"; path = "Target Support Files/Pods-Chats/Pods-Chats.release.xcconfig"; sourceTree = "<group>"; };
		BD31367C2B11EBD000EA1A79 /* Chats.app */ = {isa = PBXFileReference; explicitFileType = wrapper.application; includeInIndex = 0; path = Chats.app; sourceTree = BUILT_PRODUCTS_DIR; };
		BD31367F2B11EBD000EA1A79 /* AppDelegate.swift */ = {isa = PBXFileReference; lastKnownFileType = sourcecode.swift; path = AppDelegate.swift; sourceTree = "<group>"; };
		BD3136812B11EBD000EA1A79 /* SceneDelegate.swift */ = {isa = PBXFileReference; lastKnownFileType = sourcecode.swift; path = SceneDelegate.swift; sourceTree = "<group>"; };
		BD3136832B11EBD000EA1A79 /* LoginViewController.swift */ = {isa = PBXFileReference; lastKnownFileType = sourcecode.swift; path = LoginViewController.swift; sourceTree = "<group>"; };
		BD3136862B11EBD000EA1A79 /* Base */ = {isa = PBXFileReference; lastKnownFileType = file.storyboard; name = Base; path = Base.lproj/Main.storyboard; sourceTree = "<group>"; };
		BD3136882B11EBD200EA1A79 /* Assets.xcassets */ = {isa = PBXFileReference; lastKnownFileType = folder.assetcatalog; path = Assets.xcassets; sourceTree = "<group>"; };
		BD31368B2B11EBD200EA1A79 /* Base */ = {isa = PBXFileReference; lastKnownFileType = file.storyboard; name = Base; path = Base.lproj/LaunchScreen.storyboard; sourceTree = "<group>"; };
		BD31368D2B11EBD200EA1A79 /* Info.plist */ = {isa = PBXFileReference; lastKnownFileType = text.plist.xml; path = Info.plist; sourceTree = "<group>"; };
		BD895D502B12021F003A3072 /* GoogleService-Info.plist */ = {isa = PBXFileReference; fileEncoding = 4; lastKnownFileType = text.plist.xml; path = "GoogleService-Info.plist"; sourceTree = "<group>"; };
		BDBC115B2B14DD4100796568 /* User.swift */ = {isa = PBXFileReference; lastKnownFileType = sourcecode.swift; path = User.swift; sourceTree = "<group>"; };
		BDBC115D2B14DE7500796568 /* Constants.swift */ = {isa = PBXFileReference; lastKnownFileType = sourcecode.swift; path = Constants.swift; sourceTree = "<group>"; };
/* End PBXFileReference section */

/* Begin PBXFrameworksBuildPhase section */
		BD3136792B11EBD000EA1A79 /* Frameworks */ = {
			isa = PBXFrameworksBuildPhase;
			buildActionMask = 2147483647;
			files = (
				1DA8185C68BB624A628D7115 /* Pods_Chats.framework in Frameworks */,
			);
			runOnlyForDeploymentPostprocessing = 0;
		};
/* End PBXFrameworksBuildPhase section */

/* Begin PBXGroup section */
		090276B072366010E8AD5720 /* Frameworks */ = {
			isa = PBXGroup;
			children = (
				33D83DFFE6AFD9A3EB70EA91 /* Pods_Chats.framework */,
			);
			name = Frameworks;
			sourceTree = "<group>";
		};
		4328F105E2633E3A83E8B5C9 /* Pods */ = {
			isa = PBXGroup;
			children = (
				24A7C81677F113FAE1D49B80 /* Pods-Chats.debug.xcconfig */,
				6D7614D540CD6D28C27C088B /* Pods-Chats.release.xcconfig */,
			);
			path = Pods;
			sourceTree = "<group>";
		};
		BD3136732B11EBD000EA1A79 = {
			isa = PBXGroup;
			children = (
				BD31367E2B11EBD000EA1A79 /* Chats */,
				BD31367D2B11EBD000EA1A79 /* Products */,
				4328F105E2633E3A83E8B5C9 /* Pods */,
				090276B072366010E8AD5720 /* Frameworks */,
			);
			sourceTree = "<group>";
		};
		BD31367D2B11EBD000EA1A79 /* Products */ = {
			isa = PBXGroup;
			children = (
				BD31367C2B11EBD000EA1A79 /* Chats.app */,
			);
			name = Products;
			sourceTree = "<group>";
		};
		BD31367E2B11EBD000EA1A79 /* Chats */ = {
			isa = PBXGroup;
			children = (
				BD31367F2B11EBD000EA1A79 /* AppDelegate.swift */,
				BD3136812B11EBD000EA1A79 /* SceneDelegate.swift */,
				BDBC115A2B14DD3800796568 /* Model */,
				BD3136832B11EBD000EA1A79 /* LoginViewController.swift */,
				BDBC115D2B14DE7500796568 /* Constants.swift */,
				BD3136852B11EBD000EA1A79 /* Main.storyboard */,
				BD3136882B11EBD200EA1A79 /* Assets.xcassets */,
				BD31368A2B11EBD200EA1A79 /* LaunchScreen.storyboard */,
				BD31368D2B11EBD200EA1A79 /* Info.plist */,
				BD895D502B12021F003A3072 /* GoogleService-Info.plist */,
			);
			path = Chats;
			sourceTree = "<group>";
		};
		BDBC115A2B14DD3800796568 /* Model */ = {
			isa = PBXGroup;
			children = (
				BDBC115B2B14DD4100796568 /* User.swift */,
			);
			path = Model;
			sourceTree = "<group>";
		};
/* End PBXGroup section */

/* Begin PBXNativeTarget section */
		BD31367B2B11EBD000EA1A79 /* Chats */ = {
			isa = PBXNativeTarget;
			buildConfigurationList = BD3136902B11EBD200EA1A79 /* Build configuration list for PBXNativeTarget "Chats" */;
			buildPhases = (
				DF493E9D50B04FBEDCD3AAF3 /* [CP] Check Pods Manifest.lock */,
				BD3136782B11EBD000EA1A79 /* Sources */,
				BD3136792B11EBD000EA1A79 /* Frameworks */,
				BD31367A2B11EBD000EA1A79 /* Resources */,
				087D23DDCA6B0C0BC2145C58 /* [CP] Embed Pods Frameworks */,
			);
			buildRules = (
			);
			dependencies = (
			);
			name = Chats;
			productName = Chats;
			productReference = BD31367C2B11EBD000EA1A79 /* Chats.app */;
			productType = "com.apple.product-type.application";
		};
/* End PBXNativeTarget section */

/* Begin PBXProject section */
		BD3136742B11EBD000EA1A79 /* Project object */ = {
			isa = PBXProject;
			attributes = {
				BuildIndependentTargetsInParallel = 1;
				LastSwiftUpdateCheck = 1500;
				LastUpgradeCheck = 1500;
				TargetAttributes = {
					BD31367B2B11EBD000EA1A79 = {
						CreatedOnToolsVersion = 15.0.1;
					};
				};
			};
			buildConfigurationList = BD3136772B11EBD000EA1A79 /* Build configuration list for PBXProject "Chats" */;
			compatibilityVersion = "Xcode 14.0";
			developmentRegion = en;
			hasScannedForEncodings = 0;
			knownRegions = (
				en,
				Base,
			);
			mainGroup = BD3136732B11EBD000EA1A79;
			productRefGroup = BD31367D2B11EBD000EA1A79 /* Products */;
			projectDirPath = "";
			projectRoot = "";
			targets = (
				BD31367B2B11EBD000EA1A79 /* Chats */,
			);
		};
/* End PBXProject section */

/* Begin PBXResourcesBuildPhase section */
		BD31367A2B11EBD000EA1A79 /* Resources */ = {
			isa = PBXResourcesBuildPhase;
			buildActionMask = 2147483647;
			files = (
				BD31368C2B11EBD200EA1A79 /* LaunchScreen.storyboard in Resources */,
				BD3136892B11EBD200EA1A79 /* Assets.xcassets in Resources */,
				BD895D512B120220003A3072 /* GoogleService-Info.plist in Resources */,
				BD3136872B11EBD000EA1A79 /* Main.storyboard in Resources */,
			);
			runOnlyForDeploymentPostprocessing = 0;
		};
/* End PBXResourcesBuildPhase section */

/* Begin PBXShellScriptBuildPhase section */
		087D23DDCA6B0C0BC2145C58 /* [CP] Embed Pods Frameworks */ = {
			isa = PBXShellScriptBuildPhase;
			buildActionMask = 2147483647;
			files = (
			);
			inputFileListPaths = (
				"${PODS_ROOT}/Target Support Files/Pods-Chats/Pods-Chats-frameworks-${CONFIGURATION}-input-files.xcfilelist",
			);
			name = "[CP] Embed Pods Frameworks";
			outputFileListPaths = (
				"${PODS_ROOT}/Target Support Files/Pods-Chats/Pods-Chats-frameworks-${CONFIGURATION}-output-files.xcfilelist",
			);
			runOnlyForDeploymentPostprocessing = 0;
			shellPath = /bin/sh;
			shellScript = "\"${PODS_ROOT}/Target Support Files/Pods-Chats/Pods-Chats-frameworks.sh\"\n";
			showEnvVarsInLog = 0;
		};
		DF493E9D50B04FBEDCD3AAF3 /* [CP] Check Pods Manifest.lock */ = {
			isa = PBXShellScriptBuildPhase;
			buildActionMask = 2147483647;
			files = (
			);
			inputFileListPaths = (
			);
			inputPaths = (
				"${PODS_PODFILE_DIR_PATH}/Podfile.lock",
				"${PODS_ROOT}/Manifest.lock",
			);
			name = "[CP] Check Pods Manifest.lock";
			outputFileListPaths = (
			);
			outputPaths = (
				"$(DERIVED_FILE_DIR)/Pods-Chats-checkManifestLockResult.txt",
			);
			runOnlyForDeploymentPostprocessing = 0;
			shellPath = /bin/sh;
			shellScript = "diff \"${PODS_PODFILE_DIR_PATH}/Podfile.lock\" \"${PODS_ROOT}/Manifest.lock\" > /dev/null\nif [ $? != 0 ] ; then\n    # print error to STDERR\n    echo \"error: The sandbox is not in sync with the Podfile.lock. Run 'pod install' or update your CocoaPods installation.\" >&2\n    exit 1\nfi\n# This output is used by Xcode 'outputs' to avoid re-running this script phase.\necho \"SUCCESS\" > \"${SCRIPT_OUTPUT_FILE_0}\"\n";
			showEnvVarsInLog = 0;
		};
/* End PBXShellScriptBuildPhase section */

/* Begin PBXSourcesBuildPhase section */
		BD3136782B11EBD000EA1A79 /* Sources */ = {
			isa = PBXSourcesBuildPhase;
			buildActionMask = 2147483647;
			files = (
				BDBC115E2B14DE7500796568 /* Constants.swift in Sources */,
				BDBC115C2B14DD4100796568 /* User.swift in Sources */,
				BD3136842B11EBD000EA1A79 /* LoginViewController.swift in Sources */,
				BD3136802B11EBD000EA1A79 /* AppDelegate.swift in Sources */,
				BD3136822B11EBD000EA1A79 /* SceneDelegate.swift in Sources */,
			);
			runOnlyForDeploymentPostprocessing = 0;
		};
/* End PBXSourcesBuildPhase section */

/* Begin PBXVariantGroup section */
		BD3136852B11EBD000EA1A79 /* Main.storyboard */ = {
			isa = PBXVariantGroup;
			children = (
				BD3136862B11EBD000EA1A79 /* Base */,
			);
			name = Main.storyboard;
			sourceTree = "<group>";
		};
		BD31368A2B11EBD200EA1A79 /* LaunchScreen.storyboard */ = {
			isa = PBXVariantGroup;
			children = (
				BD31368B2B11EBD200EA1A79 /* Base */,
			);
			name = LaunchScreen.storyboard;
			sourceTree = "<group>";
		};
/* End PBXVariantGroup section */

/* Begin XCBuildConfiguration section */
		BD31368E2B11EBD200EA1A79 /* Debug */ = {
			isa = XCBuildConfiguration;
			buildSettings = {
				ALWAYS_SEARCH_USER_PATHS = NO;
				ASSETCATALOG_COMPILER_GENERATE_SWIFT_ASSET_SYMBOL_EXTENSIONS = YES;
				CLANG_ANALYZER_NONNULL = YES;
				CLANG_ANALYZER_NUMBER_OBJECT_CONVERSION = YES_AGGRESSIVE;
				CLANG_CXX_LANGUAGE_STANDARD = "gnu++20";
				CLANG_ENABLE_MODULES = YES;
				CLANG_ENABLE_OBJC_ARC = YES;
				CLANG_ENABLE_OBJC_WEAK = YES;
				CLANG_WARN_BLOCK_CAPTURE_AUTORELEASING = YES;
				CLANG_WARN_BOOL_CONVERSION = YES;
				CLANG_WARN_COMMA = YES;
				CLANG_WARN_CONSTANT_CONVERSION = YES;
				CLANG_WARN_DEPRECATED_OBJC_IMPLEMENTATIONS = YES;
				CLANG_WARN_DIRECT_OBJC_ISA_USAGE = YES_ERROR;
				CLANG_WARN_DOCUMENTATION_COMMENTS = YES;
				CLANG_WARN_EMPTY_BODY = YES;
				CLANG_WARN_ENUM_CONVERSION = YES;
				CLANG_WARN_INFINITE_RECURSION = YES;
				CLANG_WARN_INT_CONVERSION = YES;
				CLANG_WARN_NON_LITERAL_NULL_CONVERSION = YES;
				CLANG_WARN_OBJC_IMPLICIT_RETAIN_SELF = YES;
				CLANG_WARN_OBJC_LITERAL_CONVERSION = YES;
				CLANG_WARN_OBJC_ROOT_CLASS = YES_ERROR;
				CLANG_WARN_QUOTED_INCLUDE_IN_FRAMEWORK_HEADER = YES;
				CLANG_WARN_RANGE_LOOP_ANALYSIS = YES;
				CLANG_WARN_STRICT_PROTOTYPES = YES;
				CLANG_WARN_SUSPICIOUS_MOVE = YES;
				CLANG_WARN_UNGUARDED_AVAILABILITY = YES_AGGRESSIVE;
				CLANG_WARN_UNREACHABLE_CODE = YES;
				CLANG_WARN__DUPLICATE_METHOD_MATCH = YES;
				COPY_PHASE_STRIP = NO;
				DEBUG_INFORMATION_FORMAT = dwarf;
				ENABLE_STRICT_OBJC_MSGSEND = YES;
				ENABLE_TESTABILITY = YES;
				ENABLE_USER_SCRIPT_SANDBOXING = YES;
				GCC_C_LANGUAGE_STANDARD = gnu17;
				GCC_DYNAMIC_NO_PIC = NO;
				GCC_NO_COMMON_BLOCKS = YES;
				GCC_OPTIMIZATION_LEVEL = 0;
				GCC_PREPROCESSOR_DEFINITIONS = (
					"DEBUG=1",
					"$(inherited)",
				);
				GCC_WARN_64_TO_32_BIT_CONVERSION = YES;
				GCC_WARN_ABOUT_RETURN_TYPE = YES_ERROR;
				GCC_WARN_UNDECLARED_SELECTOR = YES;
				GCC_WARN_UNINITIALIZED_AUTOS = YES_AGGRESSIVE;
				GCC_WARN_UNUSED_FUNCTION = YES;
				GCC_WARN_UNUSED_VARIABLE = YES;
				IPHONEOS_DEPLOYMENT_TARGET = 17.0;
				LOCALIZATION_PREFERS_STRING_CATALOGS = YES;
				MTL_ENABLE_DEBUG_INFO = INCLUDE_SOURCE;
				MTL_FAST_MATH = YES;
				ONLY_ACTIVE_ARCH = YES;
				SDKROOT = iphoneos;
				SWIFT_ACTIVE_COMPILATION_CONDITIONS = "DEBUG $(inherited)";
				SWIFT_OPTIMIZATION_LEVEL = "-Onone";
			};
			name = Debug;
		};
		BD31368F2B11EBD200EA1A79 /* Release */ = {
			isa = XCBuildConfiguration;
			buildSettings = {
				ALWAYS_SEARCH_USER_PATHS = NO;
				ASSETCATALOG_COMPILER_GENERATE_SWIFT_ASSET_SYMBOL_EXTENSIONS = YES;
				CLANG_ANALYZER_NONNULL = YES;
				CLANG_ANALYZER_NUMBER_OBJECT_CONVERSION = YES_AGGRESSIVE;
				CLANG_CXX_LANGUAGE_STANDARD = "gnu++20";
				CLANG_ENABLE_MODULES = YES;
				CLANG_ENABLE_OBJC_ARC = YES;
				CLANG_ENABLE_OBJC_WEAK = YES;
				CLANG_WARN_BLOCK_CAPTURE_AUTORELEASING = YES;
				CLANG_WARN_BOOL_CONVERSION = YES;
				CLANG_WARN_COMMA = YES;
				CLANG_WARN_CONSTANT_CONVERSION = YES;
				CLANG_WARN_DEPRECATED_OBJC_IMPLEMENTATIONS = YES;
				CLANG_WARN_DIRECT_OBJC_ISA_USAGE = YES_ERROR;
				CLANG_WARN_DOCUMENTATION_COMMENTS = YES;
				CLANG_WARN_EMPTY_BODY = YES;
				CLANG_WARN_ENUM_CONVERSION = YES;
				CLANG_WARN_INFINITE_RECURSION = YES;
				CLANG_WARN_INT_CONVERSION = YES;
				CLANG_WARN_NON_LITERAL_NULL_CONVERSION = YES;
				CLANG_WARN_OBJC_IMPLICIT_RETAIN_SELF = YES;
				CLANG_WARN_OBJC_LITERAL_CONVERSION = YES;
				CLANG_WARN_OBJC_ROOT_CLASS = YES_ERROR;
				CLANG_WARN_QUOTED_INCLUDE_IN_FRAMEWORK_HEADER = YES;
				CLANG_WARN_RANGE_LOOP_ANALYSIS = YES;
				CLANG_WARN_STRICT_PROTOTYPES = YES;
				CLANG_WARN_SUSPICIOUS_MOVE = YES;
				CLANG_WARN_UNGUARDED_AVAILABILITY = YES_AGGRESSIVE;
				CLANG_WARN_UNREACHABLE_CODE = YES;
				CLANG_WARN__DUPLICATE_METHOD_MATCH = YES;
				COPY_PHASE_STRIP = NO;
				DEBUG_INFORMATION_FORMAT = "dwarf-with-dsym";
				ENABLE_NS_ASSERTIONS = NO;
				ENABLE_STRICT_OBJC_MSGSEND = YES;
				ENABLE_USER_SCRIPT_SANDBOXING = YES;
				GCC_C_LANGUAGE_STANDARD = gnu17;
				GCC_NO_COMMON_BLOCKS = YES;
				GCC_WARN_64_TO_32_BIT_CONVERSION = YES;
				GCC_WARN_ABOUT_RETURN_TYPE = YES_ERROR;
				GCC_WARN_UNDECLARED_SELECTOR = YES;
				GCC_WARN_UNINITIALIZED_AUTOS = YES_AGGRESSIVE;
				GCC_WARN_UNUSED_FUNCTION = YES;
				GCC_WARN_UNUSED_VARIABLE = YES;
				IPHONEOS_DEPLOYMENT_TARGET = 17.0;
				LOCALIZATION_PREFERS_STRING_CATALOGS = YES;
				MTL_ENABLE_DEBUG_INFO = NO;
				MTL_FAST_MATH = YES;
				SDKROOT = iphoneos;
				SWIFT_COMPILATION_MODE = wholemodule;
				VALIDATE_PRODUCT = YES;
			};
			name = Release;
		};
		BD3136912B11EBD200EA1A79 /* Debug */ = {
			isa = XCBuildConfiguration;
			baseConfigurationReference = 24A7C81677F113FAE1D49B80 /* Pods-Chats.debug.xcconfig */;
			buildSettings = {
				ASSETCATALOG_COMPILER_APPICON_NAME = AppIcon;
				ASSETCATALOG_COMPILER_GLOBAL_ACCENT_COLOR_NAME = AccentColor;
				CODE_SIGN_STYLE = Automatic;
				CURRENT_PROJECT_VERSION = 1;
				DEVELOPMENT_TEAM = MADC696R32;
				ENABLE_USER_SCRIPT_SANDBOXING = NO;
				GENERATE_INFOPLIST_FILE = YES;
				INFOPLIST_FILE = Chats/Info.plist;
				INFOPLIST_KEY_UIApplicationSupportsIndirectInputEvents = YES;
				INFOPLIST_KEY_UILaunchStoryboardName = LaunchScreen;
				INFOPLIST_KEY_UIMainStoryboardFile = Main;
				INFOPLIST_KEY_UISupportedInterfaceOrientations_iPad = "UIInterfaceOrientationPortrait UIInterfaceOrientationPortraitUpsideDown UIInterfaceOrientationLandscapeLeft UIInterfaceOrientationLandscapeRight";
				INFOPLIST_KEY_UISupportedInterfaceOrientations_iPhone = "UIInterfaceOrientationPortrait UIInterfaceOrientationLandscapeLeft UIInterfaceOrientationLandscapeRight";
				LD_RUNPATH_SEARCH_PATHS = (
					"$(inherited)",
					"@executable_path/Frameworks",
				);
				MARKETING_VERSION = 1.0;
				PRODUCT_BUNDLE_IDENTIFIER = akylmukatay.Chats;
				PRODUCT_NAME = "$(TARGET_NAME)";
				SWIFT_EMIT_LOC_STRINGS = YES;
				SWIFT_VERSION = 5.0;
				TARGETED_DEVICE_FAMILY = "1,2";
			};
			name = Debug;
		};
		BD3136922B11EBD200EA1A79 /* Release */ = {
			isa = XCBuildConfiguration;
			baseConfigurationReference = 6D7614D540CD6D28C27C088B /* Pods-Chats.release.xcconfig */;
			buildSettings = {
				ASSETCATALOG_COMPILER_APPICON_NAME = AppIcon;
				ASSETCATALOG_COMPILER_GLOBAL_ACCENT_COLOR_NAME = AccentColor;
				CODE_SIGN_STYLE = Automatic;
				CURRENT_PROJECT_VERSION = 1;
				DEVELOPMENT_TEAM = MADC696R32;
				ENABLE_USER_SCRIPT_SANDBOXING = NO;
				GENERATE_INFOPLIST_FILE = YES;
				INFOPLIST_FILE = Chats/Info.plist;
				INFOPLIST_KEY_UIApplicationSupportsIndirectInputEvents = YES;
				INFOPLIST_KEY_UILaunchStoryboardName = LaunchScreen;
				INFOPLIST_KEY_UIMainStoryboardFile = Main;
				INFOPLIST_KEY_UISupportedInterfaceOrientations_iPad = "UIInterfaceOrientationPortrait UIInterfaceOrientationPortraitUpsideDown UIInterfaceOrientationLandscapeLeft UIInterfaceOrientationLandscapeRight";
				INFOPLIST_KEY_UISupportedInterfaceOrientations_iPhone = "UIInterfaceOrientationPortrait UIInterfaceOrientationLandscapeLeft UIInterfaceOrientationLandscapeRight";
				LD_RUNPATH_SEARCH_PATHS = (
					"$(inherited)",
					"@executable_path/Frameworks",
				);
				MARKETING_VERSION = 1.0;
				PRODUCT_BUNDLE_IDENTIFIER = akylmukatay.Chats;
				PRODUCT_NAME = "$(TARGET_NAME)";
				SWIFT_EMIT_LOC_STRINGS = YES;
				SWIFT_VERSION = 5.0;
				TARGETED_DEVICE_FAMILY = "1,2";
			};
			name = Release;
		};
/* End XCBuildConfiguration section */

/* Begin XCConfigurationList section */
		BD3136772B11EBD000EA1A79 /* Build configuration list for PBXProject "Chats" */ = {
			isa = XCConfigurationList;
			buildConfigurations = (
				BD31368E2B11EBD200EA1A79 /* Debug */,
				BD31368F2B11EBD200EA1A79 /* Release */,
			);
			defaultConfigurationIsVisible = 0;
			defaultConfigurationName = Release;
		};
		BD3136902B11EBD200EA1A79 /* Build configuration list for PBXNativeTarget "Chats" */ = {
			isa = XCConfigurationList;
			buildConfigurations = (
				BD3136912B11EBD200EA1A79 /* Debug */,
				BD3136922B11EBD200EA1A79 /* Release */,
			);
			defaultConfigurationIsVisible = 0;
			defaultConfigurationName = Release;
		};
/* End XCConfigurationList section */
	};
	rootObject = BD3136742B11EBD000EA1A79 /* Project object */;
}
